
Microsoft Visual Studio Solution File, Format Version 12.00
# Visual Studio Version 17
VisualStudioVersion = 17.11.35312.102
MinimumVisualStudioVersion = 10.0.40219.1
Project("{FAE04EC0-301F-11D3-BF4B-00C04F79EFBC}") = "ConsoleAppIlyushchenko", "ConsoleAppIlyushchenko.csproj", "{BEA0066D-8846-4812-80A2-185636FC688F}"
EndProject
Global
	GlobalSection(SolutionConfigurationPlatforms) = preSolution
		Debug|Any CPU = Debug|Any CPU
		Release|Any CPU = Release|Any CPU
	EndGlobalSection
	GlobalSection(ProjectConfigurationPlatforms) = postSolution
		{BEA0066D-8846-4812-80A2-185636FC688F}.Debug|Any CPU.ActiveCfg = Debug|Any CPU
		{BEA0066D-8846-4812-80A2-185636FC688F}.Debug|Any CPU.Build.0 = Debug|Any CPU
		{BEA0066D-8846-4812-80A2-185636FC688F}.Release|Any CPU.ActiveCfg = Release|Any CPU
		{BEA0066D-8846-4812-80A2-185636FC688F}.Release|Any CPU.Build.0 = Release|Any CPU
	EndGlobalSection
	GlobalSection(SolutionProperties) = preSolution
		HideSolutionNode = FALSE
	EndGlobalSection
	GlobalSection(ExtensibilityGlobals) = postSolution
		SolutionGuid = {E6161018-0B82-433A-9D54-7FF9ACD04FC9}
	EndGlobalSection
EndGlobal
